
Microsoft Visual Studio Solution File, Format Version 12.00
# Visual Studio Version 17
VisualStudioVersion = 17.7.34031.279
MinimumVisualStudioVersion = 10.0.40219.1
Project("{FAE04EC0-301F-11D3-BF4B-00C04F79EFBC}") = "ConsoleApp1", "ConsoleApp1\ConsoleApp1.csproj", "{F6FF25F0-F200-4ECC-8C52-CA7CA1A77FC1}"
EndProject
Global
	GlobalSection(SolutionConfigurationPlatforms) = preSolution
		Debug|Any CPU = Debug|Any CPU
		Release|Any CPU = Release|Any CPU
	EndGlobalSection
	GlobalSection(ProjectConfigurationPlatforms) = postSolution
		{F6FF25F0-F200-4ECC-8C52-CA7CA1A77FC1}.Debug|Any CPU.ActiveCfg = Debug|Any CPU
		{F6FF25F0-F200-4ECC-8C52-CA7CA1A77FC1}.Debug|Any CPU.Build.0 = Debug|Any CPU
		{F6FF25F0-F200-4ECC-8C52-CA7CA1A77FC1}.Release|Any CPU.ActiveCfg = Release|Any CPU
		{F6FF25F0-F200-4ECC-8C52-CA7CA1A77FC1}.Release|Any CPU.Build.0 = Release|Any CPU
	EndGlobalSection
	GlobalSection(SolutionProperties) = preSolution
		HideSolutionNode = FALSE
	EndGlobalSection
	GlobalSection(ExtensibilityGlobals) = postSolution
		SolutionGuid = {BF07EB97-4908-4F0B-96DA-4E6F037DEABF}
	EndGlobalSection
EndGlobal
